
Microsoft Visual Studio Solution File, Format Version 12.00
# Visual Studio 15
VisualStudioVersion = 15.0.28307.757
MinimumVisualStudioVersion = 10.0.40219.1
Project("{FAE04EC0-301F-11D3-BF4B-00C04F79EFBC}") = "01Vehicles", "01Vehicles\01Vehicles.csproj", "{0C28AF01-8E21-402A-B5AF-0DF1EC921513}"
EndProject
Global
	GlobalSection(SolutionConfigurationPlatforms) = preSolution
		Debug|Any CPU = Debug|Any CPU
		Release|Any CPU = Release|Any CPU
	EndGlobalSection
	GlobalSection(ProjectConfigurationPlatforms) = postSolution
		{0C28AF01-8E21-402A-B5AF-0DF1EC921513}.Debug|Any CPU.ActiveCfg = Debug|Any CPU
		{0C28AF01-8E21-402A-B5AF-0DF1EC921513}.Debug|Any CPU.Build.0 = Debug|Any CPU
		{0C28AF01-8E21-402A-B5AF-0DF1EC921513}.Release|Any CPU.ActiveCfg = Release|Any CPU
		{0C28AF01-8E21-402A-B5AF-0DF1EC921513}.Release|Any CPU.Build.0 = Release|Any CPU
	EndGlobalSection
	GlobalSection(SolutionProperties) = preSolution
		HideSolutionNode = FALSE
	EndGlobalSection
	GlobalSection(ExtensibilityGlobals) = postSolution
		SolutionGuid = {CA9A533B-8B65-4E0B-A14B-092873FF0D29}
	EndGlobalSection
EndGlobal
