
Microsoft Visual Studio Solution File, Format Version 12.00
# Visual Studio 15
VisualStudioVersion = 15.0.28307.645
MinimumVisualStudioVersion = 10.0.40219.1
Project("{FAE04EC0-301F-11D3-BF4B-00C04F79EFBC}") = "CustomLinkedList", "CustomLinkedList\CustomLinkedList.csproj", "{4A833E66-1228-42B6-9ED0-3CA482E41FA9}"
EndProject
Project("{FAE04EC0-301F-11D3-BF4B-00C04F79EFBC}") = "LaptopShop", "LaptopShop\LaptopShop.csproj", "{ACCEC37E-698B-45FD-AF80-8D7F76AA9852}"
EndProject
Global
	GlobalSection(SolutionConfigurationPlatforms) = preSolution
		Debug|Any CPU = Debug|Any CPU
		Release|Any CPU = Release|Any CPU
	EndGlobalSection
	GlobalSection(ProjectConfigurationPlatforms) = postSolution
		{4A833E66-1228-42B6-9ED0-3CA482E41FA9}.Debug|Any CPU.ActiveCfg = Debug|Any CPU
		{4A833E66-1228-42B6-9ED0-3CA482E41FA9}.Debug|Any CPU.Build.0 = Debug|Any CPU
		{4A833E66-1228-42B6-9ED0-3CA482E41FA9}.Release|Any CPU.ActiveCfg = Release|Any CPU
		{4A833E66-1228-42B6-9ED0-3CA482E41FA9}.Release|Any CPU.Build.0 = Release|Any CPU
		{ACCEC37E-698B-45FD-AF80-8D7F76AA9852}.Debug|Any CPU.ActiveCfg = Debug|Any CPU
		{ACCEC37E-698B-45FD-AF80-8D7F76AA9852}.Debug|Any CPU.Build.0 = Debug|Any CPU
		{ACCEC37E-698B-45FD-AF80-8D7F76AA9852}.Release|Any CPU.ActiveCfg = Release|Any CPU
		{ACCEC37E-698B-45FD-AF80-8D7F76AA9852}.Release|Any CPU.Build.0 = Release|Any CPU
	EndGlobalSection
	GlobalSection(SolutionProperties) = preSolution
		HideSolutionNode = FALSE
	EndGlobalSection
	GlobalSection(ExtensibilityGlobals) = postSolution
		SolutionGuid = {BBE7FCDD-5B68-44E8-B076-3D6859FF74AB}
	EndGlobalSection
EndGlobal
