
Microsoft Visual Studio Solution File, Format Version 12.00
# Visual Studio 15
VisualStudioVersion = 15.0.28307.645
MinimumVisualStudioVersion = 10.0.40219.1
Project("{9A19103F-16F7-4668-BE54-9A1E7A4F7556}") = "01ActionPrint", "01ActionPrint\01ActionPrint.csproj", "{BCF1051B-A3B9-406D-83DC-C6AF394C1451}"
EndProject
Project("{9A19103F-16F7-4668-BE54-9A1E7A4F7556}") = "02KnightsOfHonor", "02KnightsOfHonor\02KnightsOfHonor.csproj", "{DF25C816-6626-407B-9D7E-1AF89440299C}"
EndProject
Project("{9A19103F-16F7-4668-BE54-9A1E7A4F7556}") = "03CustomMinFunction", "03CustomMinFunction\03CustomMinFunction.csproj", "{F4B5C96E-2866-4C58-82F5-CAE524F8688E}"
EndProject
Project("{9A19103F-16F7-4668-BE54-9A1E7A4F7556}") = "04FindEvensOrOdds", "04FindEvensOrOdds\04FindEvensOrOdds.csproj", "{82B53D44-50D7-46B4-BA15-6C55F21B5209}"
EndProject
Project("{9A19103F-16F7-4668-BE54-9A1E7A4F7556}") = "05AppliedArithmetics", "05AppliedArithmetics\05AppliedArithmetics.csproj", "{3928572D-F0EE-49F5-83A4-96F1C95A660F}"
EndProject
Project("{9A19103F-16F7-4668-BE54-9A1E7A4F7556}") = "06ReverseAndExclude", "06ReverseAndExclude\06ReverseAndExclude.csproj", "{7382CC33-BC05-48E0-A91F-B770E8D1B5CB}"
EndProject
Project("{9A19103F-16F7-4668-BE54-9A1E7A4F7556}") = "07PredicateForNames", "07PredicateForNames\07PredicateForNames.csproj", "{4DDD6604-28DE-4FE5-A224-2D4C245DCD03}"
EndProject
Project("{9A19103F-16F7-4668-BE54-9A1E7A4F7556}") = "09ListOfPredicates", "09ListOfPredicates\09ListOfPredicates.csproj", "{4BC4175A-665B-4ECF-ADD5-24184EBA8FDE}"
EndProject
Project("{9A19103F-16F7-4668-BE54-9A1E7A4F7556}") = "10PredicateParty!", "10PredicateParty!\10PredicateParty!.csproj", "{39A4F9E4-A67A-43F5-BB96-A6EF86F61EBA}"
EndProject
Project("{9A19103F-16F7-4668-BE54-9A1E7A4F7556}") = "08CustomComparator", "08CustomComparator\08CustomComparator.csproj", "{1A4453C6-29F6-44B6-BB90-7FF432579B0C}"
EndProject
Project("{9A19103F-16F7-4668-BE54-9A1E7A4F7556}") = "11ThePartyReservationFilterModule", "11ThePartyReservationFilterModule\11ThePartyReservationFilterModule.csproj", "{21F94DAF-DB14-4DA1-BFD5-09F63F7C36EB}"
EndProject
Project("{FAE04EC0-301F-11D3-BF4B-00C04F79EFBC}") = "12TriFunction", "12TriFunction\12TriFunction.csproj", "{06EE2F3F-71C9-477D-ADFD-F6E8B1782352}"
EndProject
Global
	GlobalSection(SolutionConfigurationPlatforms) = preSolution
		Debug|Any CPU = Debug|Any CPU
		Release|Any CPU = Release|Any CPU
	EndGlobalSection
	GlobalSection(ProjectConfigurationPlatforms) = postSolution
		{BCF1051B-A3B9-406D-83DC-C6AF394C1451}.Debug|Any CPU.ActiveCfg = Debug|Any CPU
		{BCF1051B-A3B9-406D-83DC-C6AF394C1451}.Debug|Any CPU.Build.0 = Debug|Any CPU
		{BCF1051B-A3B9-406D-83DC-C6AF394C1451}.Release|Any CPU.ActiveCfg = Release|Any CPU
		{BCF1051B-A3B9-406D-83DC-C6AF394C1451}.Release|Any CPU.Build.0 = Release|Any CPU
		{DF25C816-6626-407B-9D7E-1AF89440299C}.Debug|Any CPU.ActiveCfg = Debug|Any CPU
		{DF25C816-6626-407B-9D7E-1AF89440299C}.Debug|Any CPU.Build.0 = Debug|Any CPU
		{DF25C816-6626-407B-9D7E-1AF89440299C}.Release|Any CPU.ActiveCfg = Release|Any CPU
		{DF25C816-6626-407B-9D7E-1AF89440299C}.Release|Any CPU.Build.0 = Release|Any CPU
		{F4B5C96E-2866-4C58-82F5-CAE524F8688E}.Debug|Any CPU.ActiveCfg = Debug|Any CPU
		{F4B5C96E-2866-4C58-82F5-CAE524F8688E}.Debug|Any CPU.Build.0 = Debug|Any CPU
		{F4B5C96E-2866-4C58-82F5-CAE524F8688E}.Release|Any CPU.ActiveCfg = Release|Any CPU
		{F4B5C96E-2866-4C58-82F5-CAE524F8688E}.Release|Any CPU.Build.0 = Release|Any CPU
		{82B53D44-50D7-46B4-BA15-6C55F21B5209}.Debug|Any CPU.ActiveCfg = Debug|Any CPU
		{82B53D44-50D7-46B4-BA15-6C55F21B5209}.Debug|Any CPU.Build.0 = Debug|Any CPU
		{82B53D44-50D7-46B4-BA15-6C55F21B5209}.Release|Any CPU.ActiveCfg = Release|Any CPU
		{82B53D44-50D7-46B4-BA15-6C55F21B5209}.Release|Any CPU.Build.0 = Release|Any CPU
		{3928572D-F0EE-49F5-83A4-96F1C95A660F}.Debug|Any CPU.ActiveCfg = Debug|Any CPU
		{3928572D-F0EE-49F5-83A4-96F1C95A660F}.Debug|Any CPU.Build.0 = Debug|Any CPU
		{3928572D-F0EE-49F5-83A4-96F1C95A660F}.Release|Any CPU.ActiveCfg = Release|Any CPU
		{3928572D-F0EE-49F5-83A4-96F1C95A660F}.Release|Any CPU.Build.0 = Release|Any CPU
		{7382CC33-BC05-48E0-A91F-B770E8D1B5CB}.Debug|Any CPU.ActiveCfg = Debug|Any CPU
		{7382CC33-BC05-48E0-A91F-B770E8D1B5CB}.Debug|Any CPU.Build.0 = Debug|Any CPU
		{7382CC33-BC05-48E0-A91F-B770E8D1B5CB}.Release|Any CPU.ActiveCfg = Release|Any CPU
		{7382CC33-BC05-48E0-A91F-B770E8D1B5CB}.Release|Any CPU.Build.0 = Release|Any CPU
		{4DDD6604-28DE-4FE5-A224-2D4C245DCD03}.Debug|Any CPU.ActiveCfg = Debug|Any CPU
		{4DDD6604-28DE-4FE5-A224-2D4C245DCD03}.Debug|Any CPU.Build.0 = Debug|Any CPU
		{4DDD6604-28DE-4FE5-A224-2D4C245DCD03}.Release|Any CPU.ActiveCfg = Release|Any CPU
		{4DDD6604-28DE-4FE5-A224-2D4C245DCD03}.Release|Any CPU.Build.0 = Release|Any CPU
		{4BC4175A-665B-4ECF-ADD5-24184EBA8FDE}.Debug|Any CPU.ActiveCfg = Debug|Any CPU
		{4BC4175A-665B-4ECF-ADD5-24184EBA8FDE}.Debug|Any CPU.Build.0 = Debug|Any CPU
		{4BC4175A-665B-4ECF-ADD5-24184EBA8FDE}.Release|Any CPU.ActiveCfg = Release|Any CPU
		{4BC4175A-665B-4ECF-ADD5-24184EBA8FDE}.Release|Any CPU.Build.0 = Release|Any CPU
		{39A4F9E4-A67A-43F5-BB96-A6EF86F61EBA}.Debug|Any CPU.ActiveCfg = Debug|Any CPU
		{39A4F9E4-A67A-43F5-BB96-A6EF86F61EBA}.Debug|Any CPU.Build.0 = Debug|Any CPU
		{39A4F9E4-A67A-43F5-BB96-A6EF86F61EBA}.Release|Any CPU.ActiveCfg = Release|Any CPU
		{39A4F9E4-A67A-43F5-BB96-A6EF86F61EBA}.Release|Any CPU.Build.0 = Release|Any CPU
		{1A4453C6-29F6-44B6-BB90-7FF432579B0C}.Debug|Any CPU.ActiveCfg = Debug|Any CPU
		{1A4453C6-29F6-44B6-BB90-7FF432579B0C}.Debug|Any CPU.Build.0 = Debug|Any CPU
		{1A4453C6-29F6-44B6-BB90-7FF432579B0C}.Release|Any CPU.ActiveCfg = Release|Any CPU
		{1A4453C6-29F6-44B6-BB90-7FF432579B0C}.Release|Any CPU.Build.0 = Release|Any CPU
		{21F94DAF-DB14-4DA1-BFD5-09F63F7C36EB}.Debug|Any CPU.ActiveCfg = Debug|Any CPU
		{21F94DAF-DB14-4DA1-BFD5-09F63F7C36EB}.Debug|Any CPU.Build.0 = Debug|Any CPU
		{21F94DAF-DB14-4DA1-BFD5-09F63F7C36EB}.Release|Any CPU.ActiveCfg = Release|Any CPU
		{21F94DAF-DB14-4DA1-BFD5-09F63F7C36EB}.Release|Any CPU.Build.0 = Release|Any CPU
		{06EE2F3F-71C9-477D-ADFD-F6E8B1782352}.Debug|Any CPU.ActiveCfg = Debug|Any CPU
		{06EE2F3F-71C9-477D-ADFD-F6E8B1782352}.Debug|Any CPU.Build.0 = Debug|Any CPU
		{06EE2F3F-71C9-477D-ADFD-F6E8B1782352}.Release|Any CPU.ActiveCfg = Release|Any CPU
		{06EE2F3F-71C9-477D-ADFD-F6E8B1782352}.Release|Any CPU.Build.0 = Release|Any CPU
	EndGlobalSection
	GlobalSection(SolutionProperties) = preSolution
		HideSolutionNode = FALSE
	EndGlobalSection
	GlobalSection(ExtensibilityGlobals) = postSolution
		SolutionGuid = {6B49F3B0-A858-46B8-A839-A66C39BF5991}
	EndGlobalSection
EndGlobal
