
Microsoft Visual Studio Solution File, Format Version 12.00
# Visual Studio 15
VisualStudioVersion = 15.0.28307.645
MinimumVisualStudioVersion = 10.0.40219.1
Project("{9A19103F-16F7-4668-BE54-9A1E7A4F7556}") = "01UniqueUsernames", "01UniqueUsernames\01UniqueUsernames.csproj", "{B8F5DEA6-EF13-4A89-8E84-E18DE37014E6}"
EndProject
Project("{9A19103F-16F7-4668-BE54-9A1E7A4F7556}") = "02SetsOfElements", "02SetsOfElements\02SetsOfElements.csproj", "{D04406C2-042C-49DC-A38D-0962ED852FD6}"
EndProject
Project("{FAE04EC0-301F-11D3-BF4B-00C04F79EFBC}") = "03PeriodicTable", "03PeriodicTable\03PeriodicTable.csproj", "{69D1AE91-9BBD-4AE8-9482-396C856D2F2E}"
EndProject
Project("{FAE04EC0-301F-11D3-BF4B-00C04F79EFBC}") = "04EvenTimes", "04EvenTimes\04EvenTimes.csproj", "{4DDD8C9C-9562-4996-8439-E5D37AC8EADC}"
EndProject
Project("{FAE04EC0-301F-11D3-BF4B-00C04F79EFBC}") = "05CountSymbols", "05CountSymbols\05CountSymbols.csproj", "{D16D7D23-E44B-4EF1-8DBB-64C3AA1436D5}"
EndProject
Project("{FAE04EC0-301F-11D3-BF4B-00C04F79EFBC}") = "06Wardrobe", "06Wardrobe\06Wardrobe.csproj", "{03B40E30-FA37-4C00-AF76-F06B1FC564DB}"
EndProject
Project("{FAE04EC0-301F-11D3-BF4B-00C04F79EFBC}") = "07TheVLogger", "07TheVLogger\07TheVLogger.csproj", "{041445DB-DF1A-419D-84D9-9911A173C8CA}"
EndProject
Project("{FAE04EC0-301F-11D3-BF4B-00C04F79EFBC}") = "08Ranking", "08Ranking\08Ranking.csproj", "{C41D6CF0-5F43-4AB9-BB30-154AB1F83131}"
EndProject
Global
	GlobalSection(SolutionConfigurationPlatforms) = preSolution
		Debug|Any CPU = Debug|Any CPU
		Release|Any CPU = Release|Any CPU
	EndGlobalSection
	GlobalSection(ProjectConfigurationPlatforms) = postSolution
		{B8F5DEA6-EF13-4A89-8E84-E18DE37014E6}.Debug|Any CPU.ActiveCfg = Debug|Any CPU
		{B8F5DEA6-EF13-4A89-8E84-E18DE37014E6}.Debug|Any CPU.Build.0 = Debug|Any CPU
		{B8F5DEA6-EF13-4A89-8E84-E18DE37014E6}.Release|Any CPU.ActiveCfg = Release|Any CPU
		{B8F5DEA6-EF13-4A89-8E84-E18DE37014E6}.Release|Any CPU.Build.0 = Release|Any CPU
		{D04406C2-042C-49DC-A38D-0962ED852FD6}.Debug|Any CPU.ActiveCfg = Debug|Any CPU
		{D04406C2-042C-49DC-A38D-0962ED852FD6}.Debug|Any CPU.Build.0 = Debug|Any CPU
		{D04406C2-042C-49DC-A38D-0962ED852FD6}.Release|Any CPU.ActiveCfg = Release|Any CPU
		{D04406C2-042C-49DC-A38D-0962ED852FD6}.Release|Any CPU.Build.0 = Release|Any CPU
		{69D1AE91-9BBD-4AE8-9482-396C856D2F2E}.Debug|Any CPU.ActiveCfg = Debug|Any CPU
		{69D1AE91-9BBD-4AE8-9482-396C856D2F2E}.Debug|Any CPU.Build.0 = Debug|Any CPU
		{69D1AE91-9BBD-4AE8-9482-396C856D2F2E}.Release|Any CPU.ActiveCfg = Release|Any CPU
		{69D1AE91-9BBD-4AE8-9482-396C856D2F2E}.Release|Any CPU.Build.0 = Release|Any CPU
		{4DDD8C9C-9562-4996-8439-E5D37AC8EADC}.Debug|Any CPU.ActiveCfg = Debug|Any CPU
		{4DDD8C9C-9562-4996-8439-E5D37AC8EADC}.Debug|Any CPU.Build.0 = Debug|Any CPU
		{4DDD8C9C-9562-4996-8439-E5D37AC8EADC}.Release|Any CPU.ActiveCfg = Release|Any CPU
		{4DDD8C9C-9562-4996-8439-E5D37AC8EADC}.Release|Any CPU.Build.0 = Release|Any CPU
		{D16D7D23-E44B-4EF1-8DBB-64C3AA1436D5}.Debug|Any CPU.ActiveCfg = Debug|Any CPU
		{D16D7D23-E44B-4EF1-8DBB-64C3AA1436D5}.Debug|Any CPU.Build.0 = Debug|Any CPU
		{D16D7D23-E44B-4EF1-8DBB-64C3AA1436D5}.Release|Any CPU.ActiveCfg = Release|Any CPU
		{D16D7D23-E44B-4EF1-8DBB-64C3AA1436D5}.Release|Any CPU.Build.0 = Release|Any CPU
		{03B40E30-FA37-4C00-AF76-F06B1FC564DB}.Debug|Any CPU.ActiveCfg = Debug|Any CPU
		{03B40E30-FA37-4C00-AF76-F06B1FC564DB}.Debug|Any CPU.Build.0 = Debug|Any CPU
		{03B40E30-FA37-4C00-AF76-F06B1FC564DB}.Release|Any CPU.ActiveCfg = Release|Any CPU
		{03B40E30-FA37-4C00-AF76-F06B1FC564DB}.Release|Any CPU.Build.0 = Release|Any CPU
		{041445DB-DF1A-419D-84D9-9911A173C8CA}.Debug|Any CPU.ActiveCfg = Debug|Any CPU
		{041445DB-DF1A-419D-84D9-9911A173C8CA}.Debug|Any CPU.Build.0 = Debug|Any CPU
		{041445DB-DF1A-419D-84D9-9911A173C8CA}.Release|Any CPU.ActiveCfg = Release|Any CPU
		{041445DB-DF1A-419D-84D9-9911A173C8CA}.Release|Any CPU.Build.0 = Release|Any CPU
		{C41D6CF0-5F43-4AB9-BB30-154AB1F83131}.Debug|Any CPU.ActiveCfg = Debug|Any CPU
		{C41D6CF0-5F43-4AB9-BB30-154AB1F83131}.Debug|Any CPU.Build.0 = Debug|Any CPU
		{C41D6CF0-5F43-4AB9-BB30-154AB1F83131}.Release|Any CPU.ActiveCfg = Release|Any CPU
		{C41D6CF0-5F43-4AB9-BB30-154AB1F83131}.Release|Any CPU.Build.0 = Release|Any CPU
	EndGlobalSection
	GlobalSection(SolutionProperties) = preSolution
		HideSolutionNode = FALSE
	EndGlobalSection
	GlobalSection(ExtensibilityGlobals) = postSolution
		SolutionGuid = {302D67AF-C259-4451-8D3C-EC95DAAD7C9A}
	EndGlobalSection
EndGlobal
