
Microsoft Visual Studio Solution File, Format Version 12.00
# Visual Studio 15
VisualStudioVersion = 15.0.28307.421
MinimumVisualStudioVersion = 10.0.40219.1
Project("{9A19103F-16F7-4668-BE54-9A1E7A4F7556}") = "01DataTypes", "01DataTypes\01DataTypes.csproj", "{61FC931E-7193-4251-8A5F-EC0FB782275F}"
EndProject
Project("{9A19103F-16F7-4668-BE54-9A1E7A4F7556}") = "02CenterPoint", "02CenterPoint\02CenterPoint.csproj", "{5A9604B3-D959-41A6-934A-0154EC363856}"
EndProject
Project("{9A19103F-16F7-4668-BE54-9A1E7A4F7556}") = "03LongerLine", "03LongerLine\03LongerLine.csproj", "{C7D0BB32-B7AA-4133-989B-D2DDCE3F876C}"
EndProject
Project("{9A19103F-16F7-4668-BE54-9A1E7A4F7556}") = "04TribonacciSequence", "04TribonacciSequence\04TribonacciSequence.csproj", "{C03CA6D6-A84B-4459-A82B-3A072326F2CC}"
EndProject
Project("{FAE04EC0-301F-11D3-BF4B-00C04F79EFBC}") = "05MultiplicationSign", "05MultiplicationSign\05MultiplicationSign.csproj", "{34130A52-CF2E-4BEE-ABCB-1E4C099EC15F}"
EndProject
Global
	GlobalSection(SolutionConfigurationPlatforms) = preSolution
		Debug|Any CPU = Debug|Any CPU
		Release|Any CPU = Release|Any CPU
	EndGlobalSection
	GlobalSection(ProjectConfigurationPlatforms) = postSolution
		{61FC931E-7193-4251-8A5F-EC0FB782275F}.Debug|Any CPU.ActiveCfg = Debug|Any CPU
		{61FC931E-7193-4251-8A5F-EC0FB782275F}.Debug|Any CPU.Build.0 = Debug|Any CPU
		{61FC931E-7193-4251-8A5F-EC0FB782275F}.Release|Any CPU.ActiveCfg = Release|Any CPU
		{61FC931E-7193-4251-8A5F-EC0FB782275F}.Release|Any CPU.Build.0 = Release|Any CPU
		{5A9604B3-D959-41A6-934A-0154EC363856}.Debug|Any CPU.ActiveCfg = Debug|Any CPU
		{5A9604B3-D959-41A6-934A-0154EC363856}.Debug|Any CPU.Build.0 = Debug|Any CPU
		{5A9604B3-D959-41A6-934A-0154EC363856}.Release|Any CPU.ActiveCfg = Release|Any CPU
		{5A9604B3-D959-41A6-934A-0154EC363856}.Release|Any CPU.Build.0 = Release|Any CPU
		{C7D0BB32-B7AA-4133-989B-D2DDCE3F876C}.Debug|Any CPU.ActiveCfg = Debug|Any CPU
		{C7D0BB32-B7AA-4133-989B-D2DDCE3F876C}.Debug|Any CPU.Build.0 = Debug|Any CPU
		{C7D0BB32-B7AA-4133-989B-D2DDCE3F876C}.Release|Any CPU.ActiveCfg = Release|Any CPU
		{C7D0BB32-B7AA-4133-989B-D2DDCE3F876C}.Release|Any CPU.Build.0 = Release|Any CPU
		{C03CA6D6-A84B-4459-A82B-3A072326F2CC}.Debug|Any CPU.ActiveCfg = Debug|Any CPU
		{C03CA6D6-A84B-4459-A82B-3A072326F2CC}.Debug|Any CPU.Build.0 = Debug|Any CPU
		{C03CA6D6-A84B-4459-A82B-3A072326F2CC}.Release|Any CPU.ActiveCfg = Release|Any CPU
		{C03CA6D6-A84B-4459-A82B-3A072326F2CC}.Release|Any CPU.Build.0 = Release|Any CPU
		{34130A52-CF2E-4BEE-ABCB-1E4C099EC15F}.Debug|Any CPU.ActiveCfg = Debug|Any CPU
		{34130A52-CF2E-4BEE-ABCB-1E4C099EC15F}.Debug|Any CPU.Build.0 = Debug|Any CPU
		{34130A52-CF2E-4BEE-ABCB-1E4C099EC15F}.Release|Any CPU.ActiveCfg = Release|Any CPU
		{34130A52-CF2E-4BEE-ABCB-1E4C099EC15F}.Release|Any CPU.Build.0 = Release|Any CPU
	EndGlobalSection
	GlobalSection(SolutionProperties) = preSolution
		HideSolutionNode = FALSE
	EndGlobalSection
	GlobalSection(ExtensibilityGlobals) = postSolution
		SolutionGuid = {159419CC-1EB1-428B-A3C9-1B5C6733E6CC}
	EndGlobalSection
EndGlobal
