
Microsoft Visual Studio Solution File, Format Version 12.00
# Visual Studio 15
VisualStudioVersion = 15.0.28307.489
MinimumVisualStudioVersion = 10.0.40219.1
Project("{9A19103F-16F7-4668-BE54-9A1E7A4F7556}") = "01CountRealNumbers", "01CountRealNumbers\01CountRealNumbers.csproj", "{6A6B91E6-3D1D-4ABB-B4D0-4D97690C841E}"
EndProject
Project("{9A19103F-16F7-4668-BE54-9A1E7A4F7556}") = "02OddOccurrences", "02OddOccurrences\02OddOccurrences.csproj", "{9C58B8C3-96EF-469F-8124-19A8F42041B3}"
EndProject
Project("{9A19103F-16F7-4668-BE54-9A1E7A4F7556}") = "03WordSynonyms", "03WordSynonyms\03WordSynonyms.csproj", "{C89B8D54-CD99-4C69-937E-6EF8344A9D46}"
EndProject
Project("{FAE04EC0-301F-11D3-BF4B-00C04F79EFBC}") = "04Largest3Numbers", "04Largest3Numbers\04Largest3Numbers.csproj", "{A4EB8220-3BAA-47FB-A5C6-898C3600A451}"
EndProject
Project("{FAE04EC0-301F-11D3-BF4B-00C04F79EFBC}") = "05WordFilter", "05WordFilter\05WordFilter.csproj", "{8EB47AE7-FA0B-4FDA-84DC-E8897A2ED1D9}"
EndProject
Global
	GlobalSection(SolutionConfigurationPlatforms) = preSolution
		Debug|Any CPU = Debug|Any CPU
		Release|Any CPU = Release|Any CPU
	EndGlobalSection
	GlobalSection(ProjectConfigurationPlatforms) = postSolution
		{6A6B91E6-3D1D-4ABB-B4D0-4D97690C841E}.Debug|Any CPU.ActiveCfg = Debug|Any CPU
		{6A6B91E6-3D1D-4ABB-B4D0-4D97690C841E}.Debug|Any CPU.Build.0 = Debug|Any CPU
		{6A6B91E6-3D1D-4ABB-B4D0-4D97690C841E}.Release|Any CPU.ActiveCfg = Release|Any CPU
		{6A6B91E6-3D1D-4ABB-B4D0-4D97690C841E}.Release|Any CPU.Build.0 = Release|Any CPU
		{9C58B8C3-96EF-469F-8124-19A8F42041B3}.Debug|Any CPU.ActiveCfg = Debug|Any CPU
		{9C58B8C3-96EF-469F-8124-19A8F42041B3}.Debug|Any CPU.Build.0 = Debug|Any CPU
		{9C58B8C3-96EF-469F-8124-19A8F42041B3}.Release|Any CPU.ActiveCfg = Release|Any CPU
		{9C58B8C3-96EF-469F-8124-19A8F42041B3}.Release|Any CPU.Build.0 = Release|Any CPU
		{C89B8D54-CD99-4C69-937E-6EF8344A9D46}.Debug|Any CPU.ActiveCfg = Debug|Any CPU
		{C89B8D54-CD99-4C69-937E-6EF8344A9D46}.Debug|Any CPU.Build.0 = Debug|Any CPU
		{C89B8D54-CD99-4C69-937E-6EF8344A9D46}.Release|Any CPU.ActiveCfg = Release|Any CPU
		{C89B8D54-CD99-4C69-937E-6EF8344A9D46}.Release|Any CPU.Build.0 = Release|Any CPU
		{A4EB8220-3BAA-47FB-A5C6-898C3600A451}.Debug|Any CPU.ActiveCfg = Debug|Any CPU
		{A4EB8220-3BAA-47FB-A5C6-898C3600A451}.Debug|Any CPU.Build.0 = Debug|Any CPU
		{A4EB8220-3BAA-47FB-A5C6-898C3600A451}.Release|Any CPU.ActiveCfg = Release|Any CPU
		{A4EB8220-3BAA-47FB-A5C6-898C3600A451}.Release|Any CPU.Build.0 = Release|Any CPU
		{8EB47AE7-FA0B-4FDA-84DC-E8897A2ED1D9}.Debug|Any CPU.ActiveCfg = Debug|Any CPU
		{8EB47AE7-FA0B-4FDA-84DC-E8897A2ED1D9}.Debug|Any CPU.Build.0 = Debug|Any CPU
		{8EB47AE7-FA0B-4FDA-84DC-E8897A2ED1D9}.Release|Any CPU.ActiveCfg = Release|Any CPU
		{8EB47AE7-FA0B-4FDA-84DC-E8897A2ED1D9}.Release|Any CPU.Build.0 = Release|Any CPU
	EndGlobalSection
	GlobalSection(SolutionProperties) = preSolution
		HideSolutionNode = FALSE
	EndGlobalSection
	GlobalSection(ExtensibilityGlobals) = postSolution
		SolutionGuid = {0483D6FA-6CC0-4D25-A8D8-CCC8DD68E8D2}
	EndGlobalSection
EndGlobal
