
Microsoft Visual Studio Solution File, Format Version 12.00
# Visual Studio 15
VisualStudioVersion = 15.0.28307.572
MinimumVisualStudioVersion = 10.0.40219.1
Project("{9A19103F-16F7-4668-BE54-9A1E7A4F7556}") = "01BasicStackOperations", "01BasicStackOperations\01BasicStackOperations.csproj", "{87F7B107-FA74-4570-A602-11FC83F4B4D0}"
EndProject
Project("{9A19103F-16F7-4668-BE54-9A1E7A4F7556}") = "06AutoRepairAndService", "6AutoRepairAndService\06AutoRepairAndService.csproj", "{2024DFC1-54A5-483B-9B51-8336B099982A}"
EndProject
Project("{9A19103F-16F7-4668-BE54-9A1E7A4F7556}") = "07TruckTour", "07TruckTour\07TruckTour.csproj", "{DCC4653F-506F-435A-B325-109606FE1667}"
EndProject
Project("{9A19103F-16F7-4668-BE54-9A1E7A4F7556}") = "08BalancedParentheses", "08BalancedParentheses\08BalancedParentheses.csproj", "{7DAD3F56-30B8-455F-9780-1E3791AE4511}"
EndProject
Project("{9A19103F-16F7-4668-BE54-9A1E7A4F7556}") = "09SimpleTextEditor", "09SimpleTextEditor\09SimpleTextEditor.csproj", "{5B8D5358-189D-420A-B7A8-93CB690EC4B5}"
EndProject
Project("{9A19103F-16F7-4668-BE54-9A1E7A4F7556}") = "10Crossroads", "10Crossroads\10Crossroads.csproj", "{CEF8B58F-D123-43E8-A1D1-6CFF1D988B1E}"
EndProject
Project("{9A19103F-16F7-4668-BE54-9A1E7A4F7556}") = "04FastFood", "04FastFood\04FastFood.csproj", "{E51ADFB0-8C32-493E-93EE-12A2F7193F2E}"
EndProject
Project("{9A19103F-16F7-4668-BE54-9A1E7A4F7556}") = "02BasicQueueOperations", "02BasicQueueOperations\02BasicQueueOperations.csproj", "{13105F41-080D-4F2D-9E27-358B28EB041E}"
EndProject
Project("{9A19103F-16F7-4668-BE54-9A1E7A4F7556}") = "03MaximumAndMinimumElement", "03MaximumAndMinimumElement\03MaximumAndMinimumElement.csproj", "{59FC4530-4BFE-44FB-97D4-AA74DA8942A7}"
EndProject
Project("{9A19103F-16F7-4668-BE54-9A1E7A4F7556}") = "05FashionBoutique", "05FashionBoutique\05FashionBoutique.csproj", "{93E68F14-3DDB-4333-A23B-9975FE23EA72}"
EndProject
Project("{9A19103F-16F7-4668-BE54-9A1E7A4F7556}") = "11KeyRevolver", "11KeyRevolver\11KeyRevolver.csproj", "{35A81C3C-EBD1-423C-92EC-82ECCB0B0081}"
EndProject
Project("{FAE04EC0-301F-11D3-BF4B-00C04F79EFBC}") = "12CupsAndBottles", "12CupsAndBottles\12CupsAndBottles.csproj", "{1F60F570-9DD3-4748-ABCB-1B8446A7E128}"
EndProject
Global
	GlobalSection(SolutionConfigurationPlatforms) = preSolution
		Debug|Any CPU = Debug|Any CPU
		Release|Any CPU = Release|Any CPU
	EndGlobalSection
	GlobalSection(ProjectConfigurationPlatforms) = postSolution
		{87F7B107-FA74-4570-A602-11FC83F4B4D0}.Debug|Any CPU.ActiveCfg = Debug|Any CPU
		{87F7B107-FA74-4570-A602-11FC83F4B4D0}.Debug|Any CPU.Build.0 = Debug|Any CPU
		{87F7B107-FA74-4570-A602-11FC83F4B4D0}.Release|Any CPU.ActiveCfg = Release|Any CPU
		{87F7B107-FA74-4570-A602-11FC83F4B4D0}.Release|Any CPU.Build.0 = Release|Any CPU
		{2024DFC1-54A5-483B-9B51-8336B099982A}.Debug|Any CPU.ActiveCfg = Debug|Any CPU
		{2024DFC1-54A5-483B-9B51-8336B099982A}.Debug|Any CPU.Build.0 = Debug|Any CPU
		{2024DFC1-54A5-483B-9B51-8336B099982A}.Release|Any CPU.ActiveCfg = Release|Any CPU
		{2024DFC1-54A5-483B-9B51-8336B099982A}.Release|Any CPU.Build.0 = Release|Any CPU
		{DCC4653F-506F-435A-B325-109606FE1667}.Debug|Any CPU.ActiveCfg = Debug|Any CPU
		{DCC4653F-506F-435A-B325-109606FE1667}.Debug|Any CPU.Build.0 = Debug|Any CPU
		{DCC4653F-506F-435A-B325-109606FE1667}.Release|Any CPU.ActiveCfg = Release|Any CPU
		{DCC4653F-506F-435A-B325-109606FE1667}.Release|Any CPU.Build.0 = Release|Any CPU
		{7DAD3F56-30B8-455F-9780-1E3791AE4511}.Debug|Any CPU.ActiveCfg = Debug|Any CPU
		{7DAD3F56-30B8-455F-9780-1E3791AE4511}.Debug|Any CPU.Build.0 = Debug|Any CPU
		{7DAD3F56-30B8-455F-9780-1E3791AE4511}.Release|Any CPU.ActiveCfg = Release|Any CPU
		{7DAD3F56-30B8-455F-9780-1E3791AE4511}.Release|Any CPU.Build.0 = Release|Any CPU
		{5B8D5358-189D-420A-B7A8-93CB690EC4B5}.Debug|Any CPU.ActiveCfg = Debug|Any CPU
		{5B8D5358-189D-420A-B7A8-93CB690EC4B5}.Debug|Any CPU.Build.0 = Debug|Any CPU
		{5B8D5358-189D-420A-B7A8-93CB690EC4B5}.Release|Any CPU.ActiveCfg = Release|Any CPU
		{5B8D5358-189D-420A-B7A8-93CB690EC4B5}.Release|Any CPU.Build.0 = Release|Any CPU
		{CEF8B58F-D123-43E8-A1D1-6CFF1D988B1E}.Debug|Any CPU.ActiveCfg = Debug|Any CPU
		{CEF8B58F-D123-43E8-A1D1-6CFF1D988B1E}.Debug|Any CPU.Build.0 = Debug|Any CPU
		{CEF8B58F-D123-43E8-A1D1-6CFF1D988B1E}.Release|Any CPU.ActiveCfg = Release|Any CPU
		{CEF8B58F-D123-43E8-A1D1-6CFF1D988B1E}.Release|Any CPU.Build.0 = Release|Any CPU
		{E51ADFB0-8C32-493E-93EE-12A2F7193F2E}.Debug|Any CPU.ActiveCfg = Debug|Any CPU
		{E51ADFB0-8C32-493E-93EE-12A2F7193F2E}.Debug|Any CPU.Build.0 = Debug|Any CPU
		{E51ADFB0-8C32-493E-93EE-12A2F7193F2E}.Release|Any CPU.ActiveCfg = Release|Any CPU
		{E51ADFB0-8C32-493E-93EE-12A2F7193F2E}.Release|Any CPU.Build.0 = Release|Any CPU
		{13105F41-080D-4F2D-9E27-358B28EB041E}.Debug|Any CPU.ActiveCfg = Debug|Any CPU
		{13105F41-080D-4F2D-9E27-358B28EB041E}.Debug|Any CPU.Build.0 = Debug|Any CPU
		{13105F41-080D-4F2D-9E27-358B28EB041E}.Release|Any CPU.ActiveCfg = Release|Any CPU
		{13105F41-080D-4F2D-9E27-358B28EB041E}.Release|Any CPU.Build.0 = Release|Any CPU
		{59FC4530-4BFE-44FB-97D4-AA74DA8942A7}.Debug|Any CPU.ActiveCfg = Debug|Any CPU
		{59FC4530-4BFE-44FB-97D4-AA74DA8942A7}.Debug|Any CPU.Build.0 = Debug|Any CPU
		{59FC4530-4BFE-44FB-97D4-AA74DA8942A7}.Release|Any CPU.ActiveCfg = Release|Any CPU
		{59FC4530-4BFE-44FB-97D4-AA74DA8942A7}.Release|Any CPU.Build.0 = Release|Any CPU
		{93E68F14-3DDB-4333-A23B-9975FE23EA72}.Debug|Any CPU.ActiveCfg = Debug|Any CPU
		{93E68F14-3DDB-4333-A23B-9975FE23EA72}.Debug|Any CPU.Build.0 = Debug|Any CPU
		{93E68F14-3DDB-4333-A23B-9975FE23EA72}.Release|Any CPU.ActiveCfg = Release|Any CPU
		{93E68F14-3DDB-4333-A23B-9975FE23EA72}.Release|Any CPU.Build.0 = Release|Any CPU
		{35A81C3C-EBD1-423C-92EC-82ECCB0B0081}.Debug|Any CPU.ActiveCfg = Debug|Any CPU
		{35A81C3C-EBD1-423C-92EC-82ECCB0B0081}.Debug|Any CPU.Build.0 = Debug|Any CPU
		{35A81C3C-EBD1-423C-92EC-82ECCB0B0081}.Release|Any CPU.ActiveCfg = Release|Any CPU
		{35A81C3C-EBD1-423C-92EC-82ECCB0B0081}.Release|Any CPU.Build.0 = Release|Any CPU
		{1F60F570-9DD3-4748-ABCB-1B8446A7E128}.Debug|Any CPU.ActiveCfg = Debug|Any CPU
		{1F60F570-9DD3-4748-ABCB-1B8446A7E128}.Debug|Any CPU.Build.0 = Debug|Any CPU
		{1F60F570-9DD3-4748-ABCB-1B8446A7E128}.Release|Any CPU.ActiveCfg = Release|Any CPU
		{1F60F570-9DD3-4748-ABCB-1B8446A7E128}.Release|Any CPU.Build.0 = Release|Any CPU
	EndGlobalSection
	GlobalSection(SolutionProperties) = preSolution
		HideSolutionNode = FALSE
	EndGlobalSection
	GlobalSection(ExtensibilityGlobals) = postSolution
		SolutionGuid = {8D08252C-D536-4001-B3DF-B57219F259A1}
	EndGlobalSection
EndGlobal
