
Microsoft Visual Studio Solution File, Format Version 12.00
# Visual Studio Version 16
VisualStudioVersion = 16.0.29519.87
MinimumVisualStudioVersion = 10.0.40219.1
Project("{9A19103F-16F7-4668-BE54-9A1E7A4F7556}") = "Prototype", "Prototype\Prototype.csproj", "{737AD5DE-95C9-4B37-ACC9-4B4A063C1F6B}"
EndProject
Project("{9A19103F-16F7-4668-BE54-9A1E7A4F7556}") = "Composite", "Composite\Composite.csproj", "{6C81131A-7F5D-4FF8-842C-9D2B499FA0D4}"
EndProject
Project("{FAE04EC0-301F-11D3-BF4B-00C04F79EFBC}") = "Template", "Template\Template.csproj", "{6F730429-CE46-40E5-A12B-7F3D3B183AEC}"
EndProject
Global
	GlobalSection(SolutionConfigurationPlatforms) = preSolution
		Debug|Any CPU = Debug|Any CPU
		Release|Any CPU = Release|Any CPU
	EndGlobalSection
	GlobalSection(ProjectConfigurationPlatforms) = postSolution
		{737AD5DE-95C9-4B37-ACC9-4B4A063C1F6B}.Debug|Any CPU.ActiveCfg = Debug|Any CPU
		{737AD5DE-95C9-4B37-ACC9-4B4A063C1F6B}.Debug|Any CPU.Build.0 = Debug|Any CPU
		{737AD5DE-95C9-4B37-ACC9-4B4A063C1F6B}.Release|Any CPU.ActiveCfg = Release|Any CPU
		{737AD5DE-95C9-4B37-ACC9-4B4A063C1F6B}.Release|Any CPU.Build.0 = Release|Any CPU
		{6C81131A-7F5D-4FF8-842C-9D2B499FA0D4}.Debug|Any CPU.ActiveCfg = Debug|Any CPU
		{6C81131A-7F5D-4FF8-842C-9D2B499FA0D4}.Debug|Any CPU.Build.0 = Debug|Any CPU
		{6C81131A-7F5D-4FF8-842C-9D2B499FA0D4}.Release|Any CPU.ActiveCfg = Release|Any CPU
		{6C81131A-7F5D-4FF8-842C-9D2B499FA0D4}.Release|Any CPU.Build.0 = Release|Any CPU
		{6F730429-CE46-40E5-A12B-7F3D3B183AEC}.Debug|Any CPU.ActiveCfg = Debug|Any CPU
		{6F730429-CE46-40E5-A12B-7F3D3B183AEC}.Debug|Any CPU.Build.0 = Debug|Any CPU
		{6F730429-CE46-40E5-A12B-7F3D3B183AEC}.Release|Any CPU.ActiveCfg = Release|Any CPU
		{6F730429-CE46-40E5-A12B-7F3D3B183AEC}.Release|Any CPU.Build.0 = Release|Any CPU
	EndGlobalSection
	GlobalSection(SolutionProperties) = preSolution
		HideSolutionNode = FALSE
	EndGlobalSection
	GlobalSection(ExtensibilityGlobals) = postSolution
		SolutionGuid = {F5862792-F9D5-4D05-B607-BFDF8CA268A0}
	EndGlobalSection
EndGlobal
