
Microsoft Visual Studio Solution File, Format Version 12.00
# Visual Studio 15
VisualStudioVersion = 15.0.28307.757
MinimumVisualStudioVersion = 10.0.40219.1
Project("{FAE04EC0-301F-11D3-BF4B-00C04F79EFBC}") = "01SquareRoot", "01SquareRoot\01SquareRoot.csproj", "{468A1F69-C71B-4DCE-9C0C-D104803451CA}"
EndProject
Global
	GlobalSection(SolutionConfigurationPlatforms) = preSolution
		Debug|Any CPU = Debug|Any CPU
		Release|Any CPU = Release|Any CPU
	EndGlobalSection
	GlobalSection(ProjectConfigurationPlatforms) = postSolution
		{468A1F69-C71B-4DCE-9C0C-D104803451CA}.Debug|Any CPU.ActiveCfg = Debug|Any CPU
		{468A1F69-C71B-4DCE-9C0C-D104803451CA}.Debug|Any CPU.Build.0 = Debug|Any CPU
		{468A1F69-C71B-4DCE-9C0C-D104803451CA}.Release|Any CPU.ActiveCfg = Release|Any CPU
		{468A1F69-C71B-4DCE-9C0C-D104803451CA}.Release|Any CPU.Build.0 = Release|Any CPU
	EndGlobalSection
	GlobalSection(SolutionProperties) = preSolution
		HideSolutionNode = FALSE
	EndGlobalSection
	GlobalSection(ExtensibilityGlobals) = postSolution
		SolutionGuid = {E6E69D23-1BE4-4380-AA62-42A300DA9521}
	EndGlobalSection
EndGlobal
