
Microsoft Visual Studio Solution File, Format Version 12.00
# Visual Studio 15
VisualStudioVersion = 15.0.28307.329
MinimumVisualStudioVersion = 10.0.40219.1
Project("{9A19103F-16F7-4668-BE54-9A1E7A4F7556}") = "01DataTypeFinder", "01DataTypeFinder\01DataTypeFinder.csproj", "{C40662CE-D65C-4858-AF17-4278D5C56159}"
EndProject
Project("{9A19103F-16F7-4668-BE54-9A1E7A4F7556}") = "02FromLeftToTheRight", "02FromLeftToTheRight\02FromLeftToTheRight.csproj", "{AE4625DE-3DE7-40DA-9CD7-DE8109D12871}"
EndProject
Project("{9A19103F-16F7-4668-BE54-9A1E7A4F7556}") = "03FloatingEquality", "03FloatingEquality\03FloatingEquality.csproj", "{7D476611-D853-4C8B-86F4-7B535AEB3DCE}"
EndProject
Project("{9A19103F-16F7-4668-BE54-9A1E7A4F7556}") = "04RefactoringPrimeChecker", "04RefactoringPrimeChecker\04RefactoringPrimeChecker.csproj", "{909AFB4F-E1FD-4FF5-A070-AB0B63A84885}"
EndProject
Project("{FAE04EC0-301F-11D3-BF4B-00C04F79EFBC}") = "05DecryptingMessage", "05DecryptingMessage\05DecryptingMessage.csproj", "{00634407-FB78-472E-A451-07D456AA1A5E}"
EndProject
Project("{FAE04EC0-301F-11D3-BF4B-00C04F79EFBC}") = "06BalancedBrackets", "06BalancedBrackets\06BalancedBrackets.csproj", "{F39CAC26-F264-460A-B362-C849FC68B995}"
EndProject
Global
	GlobalSection(SolutionConfigurationPlatforms) = preSolution
		Debug|Any CPU = Debug|Any CPU
		Release|Any CPU = Release|Any CPU
	EndGlobalSection
	GlobalSection(ProjectConfigurationPlatforms) = postSolution
		{C40662CE-D65C-4858-AF17-4278D5C56159}.Debug|Any CPU.ActiveCfg = Debug|Any CPU
		{C40662CE-D65C-4858-AF17-4278D5C56159}.Debug|Any CPU.Build.0 = Debug|Any CPU
		{C40662CE-D65C-4858-AF17-4278D5C56159}.Release|Any CPU.ActiveCfg = Release|Any CPU
		{C40662CE-D65C-4858-AF17-4278D5C56159}.Release|Any CPU.Build.0 = Release|Any CPU
		{AE4625DE-3DE7-40DA-9CD7-DE8109D12871}.Debug|Any CPU.ActiveCfg = Debug|Any CPU
		{AE4625DE-3DE7-40DA-9CD7-DE8109D12871}.Debug|Any CPU.Build.0 = Debug|Any CPU
		{AE4625DE-3DE7-40DA-9CD7-DE8109D12871}.Release|Any CPU.ActiveCfg = Release|Any CPU
		{AE4625DE-3DE7-40DA-9CD7-DE8109D12871}.Release|Any CPU.Build.0 = Release|Any CPU
		{7D476611-D853-4C8B-86F4-7B535AEB3DCE}.Debug|Any CPU.ActiveCfg = Debug|Any CPU
		{7D476611-D853-4C8B-86F4-7B535AEB3DCE}.Debug|Any CPU.Build.0 = Debug|Any CPU
		{7D476611-D853-4C8B-86F4-7B535AEB3DCE}.Release|Any CPU.ActiveCfg = Release|Any CPU
		{7D476611-D853-4C8B-86F4-7B535AEB3DCE}.Release|Any CPU.Build.0 = Release|Any CPU
		{909AFB4F-E1FD-4FF5-A070-AB0B63A84885}.Debug|Any CPU.ActiveCfg = Debug|Any CPU
		{909AFB4F-E1FD-4FF5-A070-AB0B63A84885}.Debug|Any CPU.Build.0 = Debug|Any CPU
		{909AFB4F-E1FD-4FF5-A070-AB0B63A84885}.Release|Any CPU.ActiveCfg = Release|Any CPU
		{909AFB4F-E1FD-4FF5-A070-AB0B63A84885}.Release|Any CPU.Build.0 = Release|Any CPU
		{00634407-FB78-472E-A451-07D456AA1A5E}.Debug|Any CPU.ActiveCfg = Debug|Any CPU
		{00634407-FB78-472E-A451-07D456AA1A5E}.Debug|Any CPU.Build.0 = Debug|Any CPU
		{00634407-FB78-472E-A451-07D456AA1A5E}.Release|Any CPU.ActiveCfg = Release|Any CPU
		{00634407-FB78-472E-A451-07D456AA1A5E}.Release|Any CPU.Build.0 = Release|Any CPU
		{F39CAC26-F264-460A-B362-C849FC68B995}.Debug|Any CPU.ActiveCfg = Debug|Any CPU
		{F39CAC26-F264-460A-B362-C849FC68B995}.Debug|Any CPU.Build.0 = Debug|Any CPU
		{F39CAC26-F264-460A-B362-C849FC68B995}.Release|Any CPU.ActiveCfg = Release|Any CPU
		{F39CAC26-F264-460A-B362-C849FC68B995}.Release|Any CPU.Build.0 = Release|Any CPU
	EndGlobalSection
	GlobalSection(SolutionProperties) = preSolution
		HideSolutionNode = FALSE
	EndGlobalSection
	GlobalSection(ExtensibilityGlobals) = postSolution
		SolutionGuid = {37D0DB15-E723-4D52-B499-8C383118F3D3}
	EndGlobalSection
EndGlobal
