
Microsoft Visual Studio Solution File, Format Version 12.00
# Visual Studio 15
VisualStudioVersion = 15.0.28307.645
MinimumVisualStudioVersion = 10.0.40219.1
Project("{9A19103F-16F7-4668-BE54-9A1E7A4F7556}") = "01EvenLines", "01EvenLines\01EvenLines.csproj", "{ACBF0848-CD6A-457C-800C-EDF69F27984D}"
EndProject
Project("{9A19103F-16F7-4668-BE54-9A1E7A4F7556}") = "02LineNumbers", "02LineNumbers\02LineNumbers.csproj", "{E08F92EB-1D97-436B-A6F2-10798061EC12}"
EndProject
Project("{9A19103F-16F7-4668-BE54-9A1E7A4F7556}") = "03WordCount", "03WordCount\03WordCount.csproj", "{9218E560-7834-4C30-AC23-777D918C01D1}"
EndProject
Project("{9A19103F-16F7-4668-BE54-9A1E7A4F7556}") = "04CopyBinaryFile", "04CopyBinaryFile\04CopyBinaryFile.csproj", "{E92C0885-E381-4ADA-95F0-2B13070C06C9}"
EndProject
Project("{9A19103F-16F7-4668-BE54-9A1E7A4F7556}") = "05DirectoryTraversal", "05DirectoryTraversal\05DirectoryTraversal.csproj", "{1DD4E514-7067-437B-BD80-ACA84521F4D5}"
EndProject
Project("{FAE04EC0-301F-11D3-BF4B-00C04F79EFBC}") = "06ZipAndExtract", "06ZipAndExtract\06ZipAndExtract.csproj", "{0CF5375B-FBB9-4BA1-BE2B-106B44667896}"
EndProject
Global
	GlobalSection(SolutionConfigurationPlatforms) = preSolution
		Debug|Any CPU = Debug|Any CPU
		Release|Any CPU = Release|Any CPU
	EndGlobalSection
	GlobalSection(ProjectConfigurationPlatforms) = postSolution
		{ACBF0848-CD6A-457C-800C-EDF69F27984D}.Debug|Any CPU.ActiveCfg = Debug|Any CPU
		{ACBF0848-CD6A-457C-800C-EDF69F27984D}.Debug|Any CPU.Build.0 = Debug|Any CPU
		{ACBF0848-CD6A-457C-800C-EDF69F27984D}.Release|Any CPU.ActiveCfg = Release|Any CPU
		{ACBF0848-CD6A-457C-800C-EDF69F27984D}.Release|Any CPU.Build.0 = Release|Any CPU
		{E08F92EB-1D97-436B-A6F2-10798061EC12}.Debug|Any CPU.ActiveCfg = Debug|Any CPU
		{E08F92EB-1D97-436B-A6F2-10798061EC12}.Debug|Any CPU.Build.0 = Debug|Any CPU
		{E08F92EB-1D97-436B-A6F2-10798061EC12}.Release|Any CPU.ActiveCfg = Release|Any CPU
		{E08F92EB-1D97-436B-A6F2-10798061EC12}.Release|Any CPU.Build.0 = Release|Any CPU
		{9218E560-7834-4C30-AC23-777D918C01D1}.Debug|Any CPU.ActiveCfg = Debug|Any CPU
		{9218E560-7834-4C30-AC23-777D918C01D1}.Debug|Any CPU.Build.0 = Debug|Any CPU
		{9218E560-7834-4C30-AC23-777D918C01D1}.Release|Any CPU.ActiveCfg = Release|Any CPU
		{9218E560-7834-4C30-AC23-777D918C01D1}.Release|Any CPU.Build.0 = Release|Any CPU
		{E92C0885-E381-4ADA-95F0-2B13070C06C9}.Debug|Any CPU.ActiveCfg = Debug|Any CPU
		{E92C0885-E381-4ADA-95F0-2B13070C06C9}.Debug|Any CPU.Build.0 = Debug|Any CPU
		{E92C0885-E381-4ADA-95F0-2B13070C06C9}.Release|Any CPU.ActiveCfg = Release|Any CPU
		{E92C0885-E381-4ADA-95F0-2B13070C06C9}.Release|Any CPU.Build.0 = Release|Any CPU
		{1DD4E514-7067-437B-BD80-ACA84521F4D5}.Debug|Any CPU.ActiveCfg = Debug|Any CPU
		{1DD4E514-7067-437B-BD80-ACA84521F4D5}.Debug|Any CPU.Build.0 = Debug|Any CPU
		{1DD4E514-7067-437B-BD80-ACA84521F4D5}.Release|Any CPU.ActiveCfg = Release|Any CPU
		{1DD4E514-7067-437B-BD80-ACA84521F4D5}.Release|Any CPU.Build.0 = Release|Any CPU
		{0CF5375B-FBB9-4BA1-BE2B-106B44667896}.Debug|Any CPU.ActiveCfg = Debug|Any CPU
		{0CF5375B-FBB9-4BA1-BE2B-106B44667896}.Debug|Any CPU.Build.0 = Debug|Any CPU
		{0CF5375B-FBB9-4BA1-BE2B-106B44667896}.Release|Any CPU.ActiveCfg = Release|Any CPU
		{0CF5375B-FBB9-4BA1-BE2B-106B44667896}.Release|Any CPU.Build.0 = Release|Any CPU
	EndGlobalSection
	GlobalSection(SolutionProperties) = preSolution
		HideSolutionNode = FALSE
	EndGlobalSection
	GlobalSection(ExtensibilityGlobals) = postSolution
		SolutionGuid = {DBB85DCD-AC94-4394-ADB6-5E7BE4CF3458}
	EndGlobalSection
EndGlobal
