
Microsoft Visual Studio Solution File, Format Version 12.00
# Visual Studio 15
VisualStudioVersion = 15.0.28307.645
MinimumVisualStudioVersion = 10.0.40219.1
Project("{9A19103F-16F7-4668-BE54-9A1E7A4F7556}") = "01SortEvenNumbers", "01SortEvenNumbers\01SortEvenNumbers.csproj", "{C83A3654-9D28-498D-93DD-D47FA58889DD}"
EndProject
Project("{9A19103F-16F7-4668-BE54-9A1E7A4F7556}") = "02SumNumbers", "02SumNumbers\02SumNumbers.csproj", "{DCEEA6EF-4133-4054-B76F-7C7009733B0D}"
EndProject
Project("{9A19103F-16F7-4668-BE54-9A1E7A4F7556}") = "03CountUppercaseWords", "03CountUppercaseWords\03CountUppercaseWords.csproj", "{7C603639-8349-48FF-B58A-55EE7B09D668}"
EndProject
Project("{FAE04EC0-301F-11D3-BF4B-00C04F79EFBC}") = "04AddVAT", "04AddVAT\04AddVAT.csproj", "{B781AC80-AE61-41A5-A0A7-D8A12FB04DC3}"
EndProject
Project("{FAE04EC0-301F-11D3-BF4B-00C04F79EFBC}") = "05FilterByAge", "05FilterByAge\05FilterByAge.csproj", "{89EA75E1-B02E-41A3-A5DB-E64332F41234}"
EndProject
Global
	GlobalSection(SolutionConfigurationPlatforms) = preSolution
		Debug|Any CPU = Debug|Any CPU
		Release|Any CPU = Release|Any CPU
	EndGlobalSection
	GlobalSection(ProjectConfigurationPlatforms) = postSolution
		{C83A3654-9D28-498D-93DD-D47FA58889DD}.Debug|Any CPU.ActiveCfg = Debug|Any CPU
		{C83A3654-9D28-498D-93DD-D47FA58889DD}.Debug|Any CPU.Build.0 = Debug|Any CPU
		{C83A3654-9D28-498D-93DD-D47FA58889DD}.Release|Any CPU.ActiveCfg = Release|Any CPU
		{C83A3654-9D28-498D-93DD-D47FA58889DD}.Release|Any CPU.Build.0 = Release|Any CPU
		{DCEEA6EF-4133-4054-B76F-7C7009733B0D}.Debug|Any CPU.ActiveCfg = Debug|Any CPU
		{DCEEA6EF-4133-4054-B76F-7C7009733B0D}.Debug|Any CPU.Build.0 = Debug|Any CPU
		{DCEEA6EF-4133-4054-B76F-7C7009733B0D}.Release|Any CPU.ActiveCfg = Release|Any CPU
		{DCEEA6EF-4133-4054-B76F-7C7009733B0D}.Release|Any CPU.Build.0 = Release|Any CPU
		{7C603639-8349-48FF-B58A-55EE7B09D668}.Debug|Any CPU.ActiveCfg = Debug|Any CPU
		{7C603639-8349-48FF-B58A-55EE7B09D668}.Debug|Any CPU.Build.0 = Debug|Any CPU
		{7C603639-8349-48FF-B58A-55EE7B09D668}.Release|Any CPU.ActiveCfg = Release|Any CPU
		{7C603639-8349-48FF-B58A-55EE7B09D668}.Release|Any CPU.Build.0 = Release|Any CPU
		{B781AC80-AE61-41A5-A0A7-D8A12FB04DC3}.Debug|Any CPU.ActiveCfg = Debug|Any CPU
		{B781AC80-AE61-41A5-A0A7-D8A12FB04DC3}.Debug|Any CPU.Build.0 = Debug|Any CPU
		{B781AC80-AE61-41A5-A0A7-D8A12FB04DC3}.Release|Any CPU.ActiveCfg = Release|Any CPU
		{B781AC80-AE61-41A5-A0A7-D8A12FB04DC3}.Release|Any CPU.Build.0 = Release|Any CPU
		{89EA75E1-B02E-41A3-A5DB-E64332F41234}.Debug|Any CPU.ActiveCfg = Debug|Any CPU
		{89EA75E1-B02E-41A3-A5DB-E64332F41234}.Debug|Any CPU.Build.0 = Debug|Any CPU
		{89EA75E1-B02E-41A3-A5DB-E64332F41234}.Release|Any CPU.ActiveCfg = Release|Any CPU
		{89EA75E1-B02E-41A3-A5DB-E64332F41234}.Release|Any CPU.Build.0 = Release|Any CPU
	EndGlobalSection
	GlobalSection(SolutionProperties) = preSolution
		HideSolutionNode = FALSE
	EndGlobalSection
	GlobalSection(ExtensibilityGlobals) = postSolution
		SolutionGuid = {0870A6F6-0DCD-4044-914A-D73357C4155B}
	EndGlobalSection
EndGlobal
