
Microsoft Visual Studio Solution File, Format Version 12.00
# Visual Studio 15
VisualStudioVersion = 15.0.28307.438
MinimumVisualStudioVersion = 10.0.40219.1
Project("{FAE04EC0-301F-11D3-BF4B-00C04F79EFBC}") = "01PartyProfit", "01PartyProfit\01PartyProfit.csproj", "{F443A98C-F0A1-49E1-B5CC-6186B7D0DCD3}"
EndProject
Project("{FAE04EC0-301F-11D3-BF4B-00C04F79EFBC}") = "02DungeonestDark", "02DungeonestDark\02DungeonestDark.csproj", "{B99411B1-8768-4F39-A0BF-1DDA03EC83C1}"
EndProject
Project("{FAE04EC0-301F-11D3-BF4B-00C04F79EFBC}") = "03QuestsJournal", "03QuestsJournal\03QuestsJournal.csproj", "{1537C26E-3785-4F51-A604-93BF64F437F0}"
EndProject
Global
	GlobalSection(SolutionConfigurationPlatforms) = preSolution
		Debug|Any CPU = Debug|Any CPU
		Release|Any CPU = Release|Any CPU
	EndGlobalSection
	GlobalSection(ProjectConfigurationPlatforms) = postSolution
		{F443A98C-F0A1-49E1-B5CC-6186B7D0DCD3}.Debug|Any CPU.ActiveCfg = Debug|Any CPU
		{F443A98C-F0A1-49E1-B5CC-6186B7D0DCD3}.Debug|Any CPU.Build.0 = Debug|Any CPU
		{F443A98C-F0A1-49E1-B5CC-6186B7D0DCD3}.Release|Any CPU.ActiveCfg = Release|Any CPU
		{F443A98C-F0A1-49E1-B5CC-6186B7D0DCD3}.Release|Any CPU.Build.0 = Release|Any CPU
		{B99411B1-8768-4F39-A0BF-1DDA03EC83C1}.Debug|Any CPU.ActiveCfg = Debug|Any CPU
		{B99411B1-8768-4F39-A0BF-1DDA03EC83C1}.Debug|Any CPU.Build.0 = Debug|Any CPU
		{B99411B1-8768-4F39-A0BF-1DDA03EC83C1}.Release|Any CPU.ActiveCfg = Release|Any CPU
		{B99411B1-8768-4F39-A0BF-1DDA03EC83C1}.Release|Any CPU.Build.0 = Release|Any CPU
		{1537C26E-3785-4F51-A604-93BF64F437F0}.Debug|Any CPU.ActiveCfg = Debug|Any CPU
		{1537C26E-3785-4F51-A604-93BF64F437F0}.Debug|Any CPU.Build.0 = Debug|Any CPU
		{1537C26E-3785-4F51-A604-93BF64F437F0}.Release|Any CPU.ActiveCfg = Release|Any CPU
		{1537C26E-3785-4F51-A604-93BF64F437F0}.Release|Any CPU.Build.0 = Release|Any CPU
	EndGlobalSection
	GlobalSection(SolutionProperties) = preSolution
		HideSolutionNode = FALSE
	EndGlobalSection
	GlobalSection(ExtensibilityGlobals) = postSolution
		SolutionGuid = {A915CD17-68F0-4A08-9307-F76E7B5A6AC9}
	EndGlobalSection
EndGlobal
