
Microsoft Visual Studio Solution File, Format Version 12.00
# Visual Studio 15
VisualStudioVersion = 15.0.28307.421
MinimumVisualStudioVersion = 10.0.40219.1
Project("{FAE04EC0-301F-11D3-BF4B-00C04F79EFBC}") = "Tetris", "Tetris\Tetris.csproj", "{360B76B7-079A-40A1-BEF3-BF96B8C577DF}"
EndProject
Global
	GlobalSection(SolutionConfigurationPlatforms) = preSolution
		Debug|Any CPU = Debug|Any CPU
		Release|Any CPU = Release|Any CPU
	EndGlobalSection
	GlobalSection(ProjectConfigurationPlatforms) = postSolution
		{360B76B7-079A-40A1-BEF3-BF96B8C577DF}.Debug|Any CPU.ActiveCfg = Debug|Any CPU
		{360B76B7-079A-40A1-BEF3-BF96B8C577DF}.Debug|Any CPU.Build.0 = Debug|Any CPU
		{360B76B7-079A-40A1-BEF3-BF96B8C577DF}.Release|Any CPU.ActiveCfg = Release|Any CPU
		{360B76B7-079A-40A1-BEF3-BF96B8C577DF}.Release|Any CPU.Build.0 = Release|Any CPU
	EndGlobalSection
	GlobalSection(SolutionProperties) = preSolution
		HideSolutionNode = FALSE
	EndGlobalSection
	GlobalSection(ExtensibilityGlobals) = postSolution
		SolutionGuid = {F91DC2F1-A69E-4E6E-AEAC-9773692320C7}
	EndGlobalSection
EndGlobal
