
Microsoft Visual Studio Solution File, Format Version 12.00
# Visual Studio 15
VisualStudioVersion = 15.0.28010.2046
MinimumVisualStudioVersion = 10.0.40219.1
Project("{FAE04EC0-301F-11D3-BF4B-00C04F79EFBC}") = "WeddingTime", "WeddingTime\WeddingTime.csproj", "{2D058730-006D-44DB-83E5-F1EDF9C05B2D}"
EndProject
Project("{FAE04EC0-301F-11D3-BF4B-00C04F79EFBC}") = "WeddingParty", "WeddingParty\WeddingParty.csproj", "{CC5B6721-C951-46E1-8E72-870ADE03353C}"
EndProject
Project("{FAE04EC0-301F-11D3-BF4B-00C04F79EFBC}") = "Honeymoon", "Honeymoon\Honeymoon.csproj", "{F5478376-1FA5-406D-BDEC-B703315F781B}"
EndProject
Project("{FAE04EC0-301F-11D3-BF4B-00C04F79EFBC}") = "BachelorParty", "BachelorParty\BachelorParty.csproj", "{297C0038-1C79-45B4-B60E-76BB7E3442C0}"
EndProject
Project("{FAE04EC0-301F-11D3-BF4B-00C04F79EFBC}") = "FamilyHouse", "FamilyHouse\FamilyHouse.csproj", "{971E48CB-B1AA-4A6F-A5CD-7CC3735C4C8C}"
EndProject
Project("{FAE04EC0-301F-11D3-BF4B-00C04F79EFBC}") = "ChallengeTheWedding", "ChallengeTheWedding\ChallengeTheWedding.csproj", "{B5314F57-B22F-4025-ABC3-A4E9CE08D76D}"
EndProject
Global
	GlobalSection(SolutionConfigurationPlatforms) = preSolution
		Debug|Any CPU = Debug|Any CPU
		Release|Any CPU = Release|Any CPU
	EndGlobalSection
	GlobalSection(ProjectConfigurationPlatforms) = postSolution
		{2D058730-006D-44DB-83E5-F1EDF9C05B2D}.Debug|Any CPU.ActiveCfg = Debug|Any CPU
		{2D058730-006D-44DB-83E5-F1EDF9C05B2D}.Debug|Any CPU.Build.0 = Debug|Any CPU
		{2D058730-006D-44DB-83E5-F1EDF9C05B2D}.Release|Any CPU.ActiveCfg = Release|Any CPU
		{2D058730-006D-44DB-83E5-F1EDF9C05B2D}.Release|Any CPU.Build.0 = Release|Any CPU
		{CC5B6721-C951-46E1-8E72-870ADE03353C}.Debug|Any CPU.ActiveCfg = Debug|Any CPU
		{CC5B6721-C951-46E1-8E72-870ADE03353C}.Debug|Any CPU.Build.0 = Debug|Any CPU
		{CC5B6721-C951-46E1-8E72-870ADE03353C}.Release|Any CPU.ActiveCfg = Release|Any CPU
		{CC5B6721-C951-46E1-8E72-870ADE03353C}.Release|Any CPU.Build.0 = Release|Any CPU
		{F5478376-1FA5-406D-BDEC-B703315F781B}.Debug|Any CPU.ActiveCfg = Debug|Any CPU
		{F5478376-1FA5-406D-BDEC-B703315F781B}.Debug|Any CPU.Build.0 = Debug|Any CPU
		{F5478376-1FA5-406D-BDEC-B703315F781B}.Release|Any CPU.ActiveCfg = Release|Any CPU
		{F5478376-1FA5-406D-BDEC-B703315F781B}.Release|Any CPU.Build.0 = Release|Any CPU
		{297C0038-1C79-45B4-B60E-76BB7E3442C0}.Debug|Any CPU.ActiveCfg = Debug|Any CPU
		{297C0038-1C79-45B4-B60E-76BB7E3442C0}.Debug|Any CPU.Build.0 = Debug|Any CPU
		{297C0038-1C79-45B4-B60E-76BB7E3442C0}.Release|Any CPU.ActiveCfg = Release|Any CPU
		{297C0038-1C79-45B4-B60E-76BB7E3442C0}.Release|Any CPU.Build.0 = Release|Any CPU
		{971E48CB-B1AA-4A6F-A5CD-7CC3735C4C8C}.Debug|Any CPU.ActiveCfg = Debug|Any CPU
		{971E48CB-B1AA-4A6F-A5CD-7CC3735C4C8C}.Debug|Any CPU.Build.0 = Debug|Any CPU
		{971E48CB-B1AA-4A6F-A5CD-7CC3735C4C8C}.Release|Any CPU.ActiveCfg = Release|Any CPU
		{971E48CB-B1AA-4A6F-A5CD-7CC3735C4C8C}.Release|Any CPU.Build.0 = Release|Any CPU
		{B5314F57-B22F-4025-ABC3-A4E9CE08D76D}.Debug|Any CPU.ActiveCfg = Debug|Any CPU
		{B5314F57-B22F-4025-ABC3-A4E9CE08D76D}.Debug|Any CPU.Build.0 = Debug|Any CPU
		{B5314F57-B22F-4025-ABC3-A4E9CE08D76D}.Release|Any CPU.ActiveCfg = Release|Any CPU
		{B5314F57-B22F-4025-ABC3-A4E9CE08D76D}.Release|Any CPU.Build.0 = Release|Any CPU
	EndGlobalSection
	GlobalSection(SolutionProperties) = preSolution
		HideSolutionNode = FALSE
	EndGlobalSection
	GlobalSection(ExtensibilityGlobals) = postSolution
		SolutionGuid = {9C8EC598-10D0-4D94-B7AE-C4792B4CF60D}
	EndGlobalSection
EndGlobal
