
Microsoft Visual Studio Solution File, Format Version 12.00
# Visual Studio 15
VisualStudioVersion = 15.0.28307.438
MinimumVisualStudioVersion = 10.0.40219.1
Project("{FAE04EC0-301F-11D3-BF4B-00C04F79EFBC}") = "01ChristmasSpirit", "01ChristmasSpirit\01ChristmasSpirit.csproj", "{0FB2AB80-F6C1-4E2B-B8FD-1F044446482F}"
EndProject
Global
	GlobalSection(SolutionConfigurationPlatforms) = preSolution
		Debug|Any CPU = Debug|Any CPU
		Release|Any CPU = Release|Any CPU
	EndGlobalSection
	GlobalSection(ProjectConfigurationPlatforms) = postSolution
		{0FB2AB80-F6C1-4E2B-B8FD-1F044446482F}.Debug|Any CPU.ActiveCfg = Debug|Any CPU
		{0FB2AB80-F6C1-4E2B-B8FD-1F044446482F}.Debug|Any CPU.Build.0 = Debug|Any CPU
		{0FB2AB80-F6C1-4E2B-B8FD-1F044446482F}.Release|Any CPU.ActiveCfg = Release|Any CPU
		{0FB2AB80-F6C1-4E2B-B8FD-1F044446482F}.Release|Any CPU.Build.0 = Release|Any CPU
	EndGlobalSection
	GlobalSection(SolutionProperties) = preSolution
		HideSolutionNode = FALSE
	EndGlobalSection
	GlobalSection(ExtensibilityGlobals) = postSolution
		SolutionGuid = {7E9218B6-6E3C-4F1A-9123-AA4B7E79E1D2}
	EndGlobalSection
EndGlobal
