
Microsoft Visual Studio Solution File, Format Version 12.00
# Visual Studio Version 16
VisualStudioVersion = 16.0.29201.188
MinimumVisualStudioVersion = 10.0.40219.1
Project("{9A19103F-16F7-4668-BE54-9A1E7A4F7556}") = "MXGP", "MXGP.csproj", "{5D8AFCD4-1B5C-4270-8F32-24064C1172DC}"
EndProject
Global
	GlobalSection(SolutionConfigurationPlatforms) = preSolution
		Debug|Any CPU = Debug|Any CPU
		Release|Any CPU = Release|Any CPU
	EndGlobalSection
	GlobalSection(ProjectConfigurationPlatforms) = postSolution
		{5D8AFCD4-1B5C-4270-8F32-24064C1172DC}.Debug|Any CPU.ActiveCfg = Debug|Any CPU
		{5D8AFCD4-1B5C-4270-8F32-24064C1172DC}.Debug|Any CPU.Build.0 = Debug|Any CPU
		{5D8AFCD4-1B5C-4270-8F32-24064C1172DC}.Release|Any CPU.ActiveCfg = Release|Any CPU
		{5D8AFCD4-1B5C-4270-8F32-24064C1172DC}.Release|Any CPU.Build.0 = Release|Any CPU
	EndGlobalSection
	GlobalSection(SolutionProperties) = preSolution
		HideSolutionNode = FALSE
	EndGlobalSection
	GlobalSection(ExtensibilityGlobals) = postSolution
		SolutionGuid = {7E7542BE-F11E-487E-9E1A-494EC0FDDE30}
	EndGlobalSection
EndGlobal
