
Microsoft Visual Studio Solution File, Format Version 12.00
# Visual Studio 15
VisualStudioVersion = 15.0.28010.2046
MinimumVisualStudioVersion = 10.0.40219.1
Project("{FAE04EC0-301F-11D3-BF4B-00C04F79EFBC}") = "WorkInClass", "WorkInClass\WorkInClass.csproj", "{2FC73715-796C-4E00-92A0-6D08291C4302}"
EndProject
Project("{FAE04EC0-301F-11D3-BF4B-00C04F79EFBC}") = "NumbersFrom1To100", "NumbersFrom1To100\NumbersFrom1To100.csproj", "{C9AE8240-C2E4-46AD-AA68-56B35B5B701B}"
EndProject
Project("{FAE04EC0-301F-11D3-BF4B-00C04F79EFBC}") = "LatinLetters", "LatinLetters\LatinLetters.csproj", "{84415357-DCF4-4A83-96B5-6203E3A941C7}"
EndProject
Project("{FAE04EC0-301F-11D3-BF4B-00C04F79EFBC}") = "SumNumbers", "SumNumbers\SumNumbers.csproj", "{EE3FADFD-7F49-4BBD-981D-E764DCB62BE6}"
EndProject
Project("{FAE04EC0-301F-11D3-BF4B-00C04F79EFBC}") = "MaxNumber", "MaxNumber\MaxNumber.csproj", "{B740093F-A094-49B7-A2BF-FD73B09CB7A2}"
EndProject
Project("{FAE04EC0-301F-11D3-BF4B-00C04F79EFBC}") = "MinNumber", "MinNumber\MinNumber.csproj", "{C8607A1B-881E-4681-9CAF-370D49459F7D}"
EndProject
Project("{FAE04EC0-301F-11D3-BF4B-00C04F79EFBC}") = "LeftAndRightSum", "LeftAndRightSum\LeftAndRightSum.csproj", "{1E6C59FF-53E0-4EE4-8521-390CCE5187EB}"
EndProject
Project("{FAE04EC0-301F-11D3-BF4B-00C04F79EFBC}") = "OddEvenSum", "OddEvenSum\OddEvenSum.csproj", "{921006B1-6B05-4823-B89C-416E076D1C4F}"
EndProject
Project("{FAE04EC0-301F-11D3-BF4B-00C04F79EFBC}") = "VowelsSum", "VowelsSum\VowelsSum.csproj", "{60F678A7-D65D-4432-8DDA-4CC1C26D09B3}"
EndProject
Project("{FAE04EC0-301F-11D3-BF4B-00C04F79EFBC}") = "CleverLily", "CleverLily\CleverLily.csproj", "{0A959282-7A61-403E-BDC9-DF6125EEC67D}"
EndProject
Global
	GlobalSection(SolutionConfigurationPlatforms) = preSolution
		Debug|Any CPU = Debug|Any CPU
		Release|Any CPU = Release|Any CPU
	EndGlobalSection
	GlobalSection(ProjectConfigurationPlatforms) = postSolution
		{2FC73715-796C-4E00-92A0-6D08291C4302}.Debug|Any CPU.ActiveCfg = Debug|Any CPU
		{2FC73715-796C-4E00-92A0-6D08291C4302}.Debug|Any CPU.Build.0 = Debug|Any CPU
		{2FC73715-796C-4E00-92A0-6D08291C4302}.Release|Any CPU.ActiveCfg = Release|Any CPU
		{2FC73715-796C-4E00-92A0-6D08291C4302}.Release|Any CPU.Build.0 = Release|Any CPU
		{C9AE8240-C2E4-46AD-AA68-56B35B5B701B}.Debug|Any CPU.ActiveCfg = Debug|Any CPU
		{C9AE8240-C2E4-46AD-AA68-56B35B5B701B}.Debug|Any CPU.Build.0 = Debug|Any CPU
		{C9AE8240-C2E4-46AD-AA68-56B35B5B701B}.Release|Any CPU.ActiveCfg = Release|Any CPU
		{C9AE8240-C2E4-46AD-AA68-56B35B5B701B}.Release|Any CPU.Build.0 = Release|Any CPU
		{84415357-DCF4-4A83-96B5-6203E3A941C7}.Debug|Any CPU.ActiveCfg = Debug|Any CPU
		{84415357-DCF4-4A83-96B5-6203E3A941C7}.Debug|Any CPU.Build.0 = Debug|Any CPU
		{84415357-DCF4-4A83-96B5-6203E3A941C7}.Release|Any CPU.ActiveCfg = Release|Any CPU
		{84415357-DCF4-4A83-96B5-6203E3A941C7}.Release|Any CPU.Build.0 = Release|Any CPU
		{EE3FADFD-7F49-4BBD-981D-E764DCB62BE6}.Debug|Any CPU.ActiveCfg = Debug|Any CPU
		{EE3FADFD-7F49-4BBD-981D-E764DCB62BE6}.Debug|Any CPU.Build.0 = Debug|Any CPU
		{EE3FADFD-7F49-4BBD-981D-E764DCB62BE6}.Release|Any CPU.ActiveCfg = Release|Any CPU
		{EE3FADFD-7F49-4BBD-981D-E764DCB62BE6}.Release|Any CPU.Build.0 = Release|Any CPU
		{B740093F-A094-49B7-A2BF-FD73B09CB7A2}.Debug|Any CPU.ActiveCfg = Debug|Any CPU
		{B740093F-A094-49B7-A2BF-FD73B09CB7A2}.Debug|Any CPU.Build.0 = Debug|Any CPU
		{B740093F-A094-49B7-A2BF-FD73B09CB7A2}.Release|Any CPU.ActiveCfg = Release|Any CPU
		{B740093F-A094-49B7-A2BF-FD73B09CB7A2}.Release|Any CPU.Build.0 = Release|Any CPU
		{C8607A1B-881E-4681-9CAF-370D49459F7D}.Debug|Any CPU.ActiveCfg = Debug|Any CPU
		{C8607A1B-881E-4681-9CAF-370D49459F7D}.Debug|Any CPU.Build.0 = Debug|Any CPU
		{C8607A1B-881E-4681-9CAF-370D49459F7D}.Release|Any CPU.ActiveCfg = Release|Any CPU
		{C8607A1B-881E-4681-9CAF-370D49459F7D}.Release|Any CPU.Build.0 = Release|Any CPU
		{1E6C59FF-53E0-4EE4-8521-390CCE5187EB}.Debug|Any CPU.ActiveCfg = Debug|Any CPU
		{1E6C59FF-53E0-4EE4-8521-390CCE5187EB}.Debug|Any CPU.Build.0 = Debug|Any CPU
		{1E6C59FF-53E0-4EE4-8521-390CCE5187EB}.Release|Any CPU.ActiveCfg = Release|Any CPU
		{1E6C59FF-53E0-4EE4-8521-390CCE5187EB}.Release|Any CPU.Build.0 = Release|Any CPU
		{921006B1-6B05-4823-B89C-416E076D1C4F}.Debug|Any CPU.ActiveCfg = Debug|Any CPU
		{921006B1-6B05-4823-B89C-416E076D1C4F}.Debug|Any CPU.Build.0 = Debug|Any CPU
		{921006B1-6B05-4823-B89C-416E076D1C4F}.Release|Any CPU.ActiveCfg = Release|Any CPU
		{921006B1-6B05-4823-B89C-416E076D1C4F}.Release|Any CPU.Build.0 = Release|Any CPU
		{60F678A7-D65D-4432-8DDA-4CC1C26D09B3}.Debug|Any CPU.ActiveCfg = Debug|Any CPU
		{60F678A7-D65D-4432-8DDA-4CC1C26D09B3}.Debug|Any CPU.Build.0 = Debug|Any CPU
		{60F678A7-D65D-4432-8DDA-4CC1C26D09B3}.Release|Any CPU.ActiveCfg = Release|Any CPU
		{60F678A7-D65D-4432-8DDA-4CC1C26D09B3}.Release|Any CPU.Build.0 = Release|Any CPU
		{0A959282-7A61-403E-BDC9-DF6125EEC67D}.Debug|Any CPU.ActiveCfg = Debug|Any CPU
		{0A959282-7A61-403E-BDC9-DF6125EEC67D}.Debug|Any CPU.Build.0 = Debug|Any CPU
		{0A959282-7A61-403E-BDC9-DF6125EEC67D}.Release|Any CPU.ActiveCfg = Release|Any CPU
		{0A959282-7A61-403E-BDC9-DF6125EEC67D}.Release|Any CPU.Build.0 = Release|Any CPU
	EndGlobalSection
	GlobalSection(SolutionProperties) = preSolution
		HideSolutionNode = FALSE
	EndGlobalSection
	GlobalSection(ExtensibilityGlobals) = postSolution
		SolutionGuid = {2E44AA43-7324-4802-972F-F91F01BCE93C}
	EndGlobalSection
EndGlobal
