
Microsoft Visual Studio Solution File, Format Version 12.00
# Visual Studio 15
VisualStudioVersion = 15.0.28307.705
MinimumVisualStudioVersion = 10.0.40219.1
Project("{9A19103F-16F7-4668-BE54-9A1E7A4F7556}") = "01Person", "01Person\01Person.csproj", "{A7794B97-5572-4D68-822D-B5F9F2CDF7CA}"
EndProject
Project("{FAE04EC0-301F-11D3-BF4B-00C04F79EFBC}") = "02Zoo", "02Zoo\02Zoo.csproj", "{0ACD6187-016B-4C42-AEC4-755B9EFE6388}"
EndProject
Project("{FAE04EC0-301F-11D3-BF4B-00C04F79EFBC}") = "03PlayersAndMonsters", "03PlayersAndMonsters\03PlayersAndMonsters.csproj", "{371B46F4-0AE1-410E-BDE9-A6F3F0931309}"
EndProject
Project("{FAE04EC0-301F-11D3-BF4B-00C04F79EFBC}") = "04NeedForSpeed", "04NeedForSpeed\04NeedForSpeed.csproj", "{6A3EAB68-FEE9-4F7F-BDFF-1ADB6D4FE475}"
EndProject
Project("{FAE04EC0-301F-11D3-BF4B-00C04F79EFBC}") = "05Restaurant", "05Restaurant\05Restaurant.csproj", "{1BA3C2AA-8777-4660-A259-F54F5D6EAE34}"
EndProject
Global
	GlobalSection(SolutionConfigurationPlatforms) = preSolution
		Debug|Any CPU = Debug|Any CPU
		Release|Any CPU = Release|Any CPU
	EndGlobalSection
	GlobalSection(ProjectConfigurationPlatforms) = postSolution
		{A7794B97-5572-4D68-822D-B5F9F2CDF7CA}.Debug|Any CPU.ActiveCfg = Debug|Any CPU
		{A7794B97-5572-4D68-822D-B5F9F2CDF7CA}.Debug|Any CPU.Build.0 = Debug|Any CPU
		{A7794B97-5572-4D68-822D-B5F9F2CDF7CA}.Release|Any CPU.ActiveCfg = Release|Any CPU
		{A7794B97-5572-4D68-822D-B5F9F2CDF7CA}.Release|Any CPU.Build.0 = Release|Any CPU
		{0ACD6187-016B-4C42-AEC4-755B9EFE6388}.Debug|Any CPU.ActiveCfg = Debug|Any CPU
		{0ACD6187-016B-4C42-AEC4-755B9EFE6388}.Debug|Any CPU.Build.0 = Debug|Any CPU
		{0ACD6187-016B-4C42-AEC4-755B9EFE6388}.Release|Any CPU.ActiveCfg = Release|Any CPU
		{0ACD6187-016B-4C42-AEC4-755B9EFE6388}.Release|Any CPU.Build.0 = Release|Any CPU
		{371B46F4-0AE1-410E-BDE9-A6F3F0931309}.Debug|Any CPU.ActiveCfg = Debug|Any CPU
		{371B46F4-0AE1-410E-BDE9-A6F3F0931309}.Debug|Any CPU.Build.0 = Debug|Any CPU
		{371B46F4-0AE1-410E-BDE9-A6F3F0931309}.Release|Any CPU.ActiveCfg = Release|Any CPU
		{371B46F4-0AE1-410E-BDE9-A6F3F0931309}.Release|Any CPU.Build.0 = Release|Any CPU
		{6A3EAB68-FEE9-4F7F-BDFF-1ADB6D4FE475}.Debug|Any CPU.ActiveCfg = Debug|Any CPU
		{6A3EAB68-FEE9-4F7F-BDFF-1ADB6D4FE475}.Debug|Any CPU.Build.0 = Debug|Any CPU
		{6A3EAB68-FEE9-4F7F-BDFF-1ADB6D4FE475}.Release|Any CPU.ActiveCfg = Release|Any CPU
		{6A3EAB68-FEE9-4F7F-BDFF-1ADB6D4FE475}.Release|Any CPU.Build.0 = Release|Any CPU
		{1BA3C2AA-8777-4660-A259-F54F5D6EAE34}.Debug|Any CPU.ActiveCfg = Debug|Any CPU
		{1BA3C2AA-8777-4660-A259-F54F5D6EAE34}.Debug|Any CPU.Build.0 = Debug|Any CPU
		{1BA3C2AA-8777-4660-A259-F54F5D6EAE34}.Release|Any CPU.ActiveCfg = Release|Any CPU
		{1BA3C2AA-8777-4660-A259-F54F5D6EAE34}.Release|Any CPU.Build.0 = Release|Any CPU
	EndGlobalSection
	GlobalSection(SolutionProperties) = preSolution
		HideSolutionNode = FALSE
	EndGlobalSection
	GlobalSection(ExtensibilityGlobals) = postSolution
		SolutionGuid = {57262755-7241-427C-A113-336FB7C0B167}
	EndGlobalSection
EndGlobal
