
Microsoft Visual Studio Solution File, Format Version 12.00
# Visual Studio 15
VisualStudioVersion = 15.0.28307.645
MinimumVisualStudioVersion = 10.0.40219.1
Project("{FAE04EC0-301F-11D3-BF4B-00C04F79EFBC}") = "CustomStructures", "CustomStructures\CustomStructures.csproj", "{BD008ED6-42BE-4A48-AF98-09C69D624DDC}"
EndProject
Global
	GlobalSection(SolutionConfigurationPlatforms) = preSolution
		Debug|Any CPU = Debug|Any CPU
		Release|Any CPU = Release|Any CPU
	EndGlobalSection
	GlobalSection(ProjectConfigurationPlatforms) = postSolution
		{BD008ED6-42BE-4A48-AF98-09C69D624DDC}.Debug|Any CPU.ActiveCfg = Debug|Any CPU
		{BD008ED6-42BE-4A48-AF98-09C69D624DDC}.Debug|Any CPU.Build.0 = Debug|Any CPU
		{BD008ED6-42BE-4A48-AF98-09C69D624DDC}.Release|Any CPU.ActiveCfg = Release|Any CPU
		{BD008ED6-42BE-4A48-AF98-09C69D624DDC}.Release|Any CPU.Build.0 = Release|Any CPU
	EndGlobalSection
	GlobalSection(SolutionProperties) = preSolution
		HideSolutionNode = FALSE
	EndGlobalSection
	GlobalSection(ExtensibilityGlobals) = postSolution
		SolutionGuid = {928769C6-7072-4A42-AB03-37298716E0FA}
	EndGlobalSection
EndGlobal
